
Microsoft Visual Studio Solution File, Format Version 12.00
# Visual Studio Version 16
VisualStudioVersion = 16.6.30114.105
MinimumVisualStudioVersion = 10.0.40219.1
Project("{FAE04EC0-301F-11D3-BF4B-00C04F79EFBC}") = "Penguin.Cms.Email.Abstractions.Local", "Penguin.Cms.Email.Abstractions.Local.csproj", "{B46BE2FD-635A-44C3-AE6F-A3D2B34D3672}"
EndProject
Project("{FAE04EC0-301F-11D3-BF4B-00C04F79EFBC}") = "Penguin.Email.Abstractions.Local", "..\Penguin.Email.Abstractions\Penguin.Email.Abstractions.Local.csproj", "{20CD7D92-A50A-4E85-B38F-AAF56067E499}"
EndProject
Project("{FAE04EC0-301F-11D3-BF4B-00C04F79EFBC}") = "Penguin.Files.Abstractions.Local", "..\Penguin.Files.Abstractions\Penguin.Files.Abstractions.Local.csproj", "{44C4C1BE-E9C3-4656-AA99-9E41B690BBC7}"
EndProject
Global
	GlobalSection(SolutionConfigurationPlatforms) = preSolution
		Debug|Any CPU = Debug|Any CPU
		Debug|x64 = Debug|x64
		Debug|x86 = Debug|x86
		Release|Any CPU = Release|Any CPU
		Release|x64 = Release|x64
		Release|x86 = Release|x86
	EndGlobalSection
	GlobalSection(SolutionProperties) = preSolution
		HideSolutionNode = FALSE
	EndGlobalSection
	GlobalSection(ProjectConfigurationPlatforms) = postSolution
		{B46BE2FD-635A-44C3-AE6F-A3D2B34D3672}.Debug|Any CPU.ActiveCfg = Debug|Any CPU
		{B46BE2FD-635A-44C3-AE6F-A3D2B34D3672}.Debug|Any CPU.Build.0 = Debug|Any CPU
		{B46BE2FD-635A-44C3-AE6F-A3D2B34D3672}.Debug|x64.ActiveCfg = Debug|Any CPU
		{B46BE2FD-635A-44C3-AE6F-A3D2B34D3672}.Debug|x64.Build.0 = Debug|Any CPU
		{B46BE2FD-635A-44C3-AE6F-A3D2B34D3672}.Debug|x86.ActiveCfg = Debug|Any CPU
		{B46BE2FD-635A-44C3-AE6F-A3D2B34D3672}.Debug|x86.Build.0 = Debug|Any CPU
		{B46BE2FD-635A-44C3-AE6F-A3D2B34D3672}.Release|Any CPU.ActiveCfg = Release|Any CPU
		{B46BE2FD-635A-44C3-AE6F-A3D2B34D3672}.Release|Any CPU.Build.0 = Release|Any CPU
		{B46BE2FD-635A-44C3-AE6F-A3D2B34D3672}.Release|x64.ActiveCfg = Release|Any CPU
		{B46BE2FD-635A-44C3-AE6F-A3D2B34D3672}.Release|x64.Build.0 = Release|Any CPU
		{B46BE2FD-635A-44C3-AE6F-A3D2B34D3672}.Release|x86.ActiveCfg = Release|Any CPU
		{B46BE2FD-635A-44C3-AE6F-A3D2B34D3672}.Release|x86.Build.0 = Release|Any CPU
		{20CD7D92-A50A-4E85-B38F-AAF56067E499}.Debug|Any CPU.ActiveCfg = Debug|Any CPU
		{20CD7D92-A50A-4E85-B38F-AAF56067E499}.Debug|Any CPU.Build.0 = Debug|Any CPU
		{20CD7D92-A50A-4E85-B38F-AAF56067E499}.Debug|x64.ActiveCfg = Debug|Any CPU
		{20CD7D92-A50A-4E85-B38F-AAF56067E499}.Debug|x64.Build.0 = Debug|Any CPU
		{20CD7D92-A50A-4E85-B38F-AAF56067E499}.Debug|x86.ActiveCfg = Debug|Any CPU
		{20CD7D92-A50A-4E85-B38F-AAF56067E499}.Debug|x86.Build.0 = Debug|Any CPU
		{20CD7D92-A50A-4E85-B38F-AAF56067E499}.Release|Any CPU.ActiveCfg = Release|Any CPU
		{20CD7D92-A50A-4E85-B38F-AAF56067E499}.Release|Any CPU.Build.0 = Release|Any CPU
		{20CD7D92-A50A-4E85-B38F-AAF56067E499}.Release|x64.ActiveCfg = Release|Any CPU
		{20CD7D92-A50A-4E85-B38F-AAF56067E499}.Release|x64.Build.0 = Release|Any CPU
		{20CD7D92-A50A-4E85-B38F-AAF56067E499}.Release|x86.ActiveCfg = Release|Any CPU
		{20CD7D92-A50A-4E85-B38F-AAF56067E499}.Release|x86.Build.0 = Release|Any CPU
		{44C4C1BE-E9C3-4656-AA99-9E41B690BBC7}.Debug|Any CPU.ActiveCfg = Debug|Any CPU
		{44C4C1BE-E9C3-4656-AA99-9E41B690BBC7}.Debug|Any CPU.Build.0 = Debug|Any CPU
		{44C4C1BE-E9C3-4656-AA99-9E41B690BBC7}.Debug|x64.ActiveCfg = Debug|Any CPU
		{44C4C1BE-E9C3-4656-AA99-9E41B690BBC7}.Debug|x64.Build.0 = Debug|Any CPU
		{44C4C1BE-E9C3-4656-AA99-9E41B690BBC7}.Debug|x86.ActiveCfg = Debug|Any CPU
		{44C4C1BE-E9C3-4656-AA99-9E41B690BBC7}.Debug|x86.Build.0 = Debug|Any CPU
		{44C4C1BE-E9C3-4656-AA99-9E41B690BBC7}.Release|Any CPU.ActiveCfg = Release|Any CPU
		{44C4C1BE-E9C3-4656-AA99-9E41B690BBC7}.Release|Any CPU.Build.0 = Release|Any CPU
		{44C4C1BE-E9C3-4656-AA99-9E41B690BBC7}.Release|x64.ActiveCfg = Release|Any CPU
		{44C4C1BE-E9C3-4656-AA99-9E41B690BBC7}.Release|x64.Build.0 = Release|Any CPU
		{44C4C1BE-E9C3-4656-AA99-9E41B690BBC7}.Release|x86.ActiveCfg = Release|Any CPU
		{44C4C1BE-E9C3-4656-AA99-9E41B690BBC7}.Release|x86.Build.0 = Release|Any CPU
	EndGlobalSection
EndGlobal
